
Microsoft Visual Studio Solution File, Format Version 12.00
# Visual Studio Version 17
VisualStudioVersion = 17.12.35514.174 d17.12
MinimumVisualStudioVersion = 10.0.40219.1
Project("{FAE04EC0-301F-11D3-BF4B-00C04F79EFBC}") = "TiposDeDados1", "TiposDeDados1\TiposDeDados1.csproj", "{D803FCD0-E5EC-4F2F-BA47-7E0B6370791C}"
EndProject
Project("{FAE04EC0-301F-11D3-BF4B-00C04F79EFBC}") = "TipoDeDado2", "TipoDeDado2\TipoDeDado2.csproj", "{A37BC947-A73A-4606-A43F-072E7C74EE0B}"
EndProject
Project("{FAE04EC0-301F-11D3-BF4B-00C04F79EFBC}") = "TipoDeDados3", "TipoDeDados3\TipoDeDados3.csproj", "{ACDF86B3-2596-4393-A4D2-9133CD215B8E}"
EndProject
Project("{FAE04EC0-301F-11D3-BF4B-00C04F79EFBC}") = "TipoDeDados4", "TipoDeDados4\TipoDeDados4.csproj", "{2BE25493-C21F-466C-90DF-5C9D7C94FBAD}"
EndProject
Project("{FAE04EC0-301F-11D3-BF4B-00C04F79EFBC}") = "TipoDateTime1", "TipoDateTime1\TipoDateTime1.csproj", "{DAFCCD75-9E7D-4897-8E48-657AC67A0BAA}"
EndProject
Project("{FAE04EC0-301F-11D3-BF4B-00C04F79EFBC}") = "NullableTypes1", "NullableTypes1\NullableTypes1.csproj", "{62AEA723-A425-4231-908A-CC0AD757E61A}"
EndProject
Project("{FAE04EC0-301F-11D3-BF4B-00C04F79EFBC}") = "ConversaoTipos", "ConversaoTipos\ConversaoTipos.csproj", "{7D8DFF13-C91C-4CFF-AA50-80FBFB24D25D}"
EndProject
Project("{FAE04EC0-301F-11D3-BF4B-00C04F79EFBC}") = "ConversaoTipos2", "ConversaoTipos2\ConversaoTipos2.csproj", "{249246C7-5E01-4CF8-8CCF-06C264CB9A1F}"
EndProject
Project("{FAE04EC0-301F-11D3-BF4B-00C04F79EFBC}") = "EntradaDeDados", "EntradaDeDados\EntradaDeDados.csproj", "{0680DB3B-B7AE-4F7C-97FF-28ACBBAF9084}"
EndProject
Project("{FAE04EC0-301F-11D3-BF4B-00C04F79EFBC}") = "OperadoresAritmeticos", "OperadoresAritmeticos\OperadoresAritmeticos.csproj", "{6911BB90-5DCF-4896-B4F1-D9A8513CD38F}"
EndProject
Project("{FAE04EC0-301F-11D3-BF4B-00C04F79EFBC}") = "InferenciaDeTipos", "InferenciaDeTipos\InferenciaDeTipos.csproj", "{3BC651BA-3341-4A10-B748-8D6DC68173B3}"
EndProject
Global
	GlobalSection(SolutionConfigurationPlatforms) = preSolution
		Debug|Any CPU = Debug|Any CPU
		Release|Any CPU = Release|Any CPU
	EndGlobalSection
	GlobalSection(ProjectConfigurationPlatforms) = postSolution
		{D803FCD0-E5EC-4F2F-BA47-7E0B6370791C}.Debug|Any CPU.ActiveCfg = Debug|Any CPU
		{D803FCD0-E5EC-4F2F-BA47-7E0B6370791C}.Debug|Any CPU.Build.0 = Debug|Any CPU
		{D803FCD0-E5EC-4F2F-BA47-7E0B6370791C}.Release|Any CPU.ActiveCfg = Release|Any CPU
		{D803FCD0-E5EC-4F2F-BA47-7E0B6370791C}.Release|Any CPU.Build.0 = Release|Any CPU
		{A37BC947-A73A-4606-A43F-072E7C74EE0B}.Debug|Any CPU.ActiveCfg = Debug|Any CPU
		{A37BC947-A73A-4606-A43F-072E7C74EE0B}.Debug|Any CPU.Build.0 = Debug|Any CPU
		{A37BC947-A73A-4606-A43F-072E7C74EE0B}.Release|Any CPU.ActiveCfg = Release|Any CPU
		{A37BC947-A73A-4606-A43F-072E7C74EE0B}.Release|Any CPU.Build.0 = Release|Any CPU
		{ACDF86B3-2596-4393-A4D2-9133CD215B8E}.Debug|Any CPU.ActiveCfg = Debug|Any CPU
		{ACDF86B3-2596-4393-A4D2-9133CD215B8E}.Debug|Any CPU.Build.0 = Debug|Any CPU
		{ACDF86B3-2596-4393-A4D2-9133CD215B8E}.Release|Any CPU.ActiveCfg = Release|Any CPU
		{ACDF86B3-2596-4393-A4D2-9133CD215B8E}.Release|Any CPU.Build.0 = Release|Any CPU
		{2BE25493-C21F-466C-90DF-5C9D7C94FBAD}.Debug|Any CPU.ActiveCfg = Debug|Any CPU
		{2BE25493-C21F-466C-90DF-5C9D7C94FBAD}.Debug|Any CPU.Build.0 = Debug|Any CPU
		{2BE25493-C21F-466C-90DF-5C9D7C94FBAD}.Release|Any CPU.ActiveCfg = Release|Any CPU
		{2BE25493-C21F-466C-90DF-5C9D7C94FBAD}.Release|Any CPU.Build.0 = Release|Any CPU
		{DAFCCD75-9E7D-4897-8E48-657AC67A0BAA}.Debug|Any CPU.ActiveCfg = Debug|Any CPU
		{DAFCCD75-9E7D-4897-8E48-657AC67A0BAA}.Debug|Any CPU.Build.0 = Debug|Any CPU
		{DAFCCD75-9E7D-4897-8E48-657AC67A0BAA}.Release|Any CPU.ActiveCfg = Release|Any CPU
		{DAFCCD75-9E7D-4897-8E48-657AC67A0BAA}.Release|Any CPU.Build.0 = Release|Any CPU
		{62AEA723-A425-4231-908A-CC0AD757E61A}.Debug|Any CPU.ActiveCfg = Debug|Any CPU
		{62AEA723-A425-4231-908A-CC0AD757E61A}.Debug|Any CPU.Build.0 = Debug|Any CPU
		{62AEA723-A425-4231-908A-CC0AD757E61A}.Release|Any CPU.ActiveCfg = Release|Any CPU
		{62AEA723-A425-4231-908A-CC0AD757E61A}.Release|Any CPU.Build.0 = Release|Any CPU
		{7D8DFF13-C91C-4CFF-AA50-80FBFB24D25D}.Debug|Any CPU.ActiveCfg = Debug|Any CPU
		{7D8DFF13-C91C-4CFF-AA50-80FBFB24D25D}.Debug|Any CPU.Build.0 = Debug|Any CPU
		{7D8DFF13-C91C-4CFF-AA50-80FBFB24D25D}.Release|Any CPU.ActiveCfg = Release|Any CPU
		{7D8DFF13-C91C-4CFF-AA50-80FBFB24D25D}.Release|Any CPU.Build.0 = Release|Any CPU
		{249246C7-5E01-4CF8-8CCF-06C264CB9A1F}.Debug|Any CPU.ActiveCfg = Debug|Any CPU
		{249246C7-5E01-4CF8-8CCF-06C264CB9A1F}.Debug|Any CPU.Build.0 = Debug|Any CPU
		{249246C7-5E01-4CF8-8CCF-06C264CB9A1F}.Release|Any CPU.ActiveCfg = Release|Any CPU
		{249246C7-5E01-4CF8-8CCF-06C264CB9A1F}.Release|Any CPU.Build.0 = Release|Any CPU
		{0680DB3B-B7AE-4F7C-97FF-28ACBBAF9084}.Debug|Any CPU.ActiveCfg = Debug|Any CPU
		{0680DB3B-B7AE-4F7C-97FF-28ACBBAF9084}.Debug|Any CPU.Build.0 = Debug|Any CPU
		{0680DB3B-B7AE-4F7C-97FF-28ACBBAF9084}.Release|Any CPU.ActiveCfg = Release|Any CPU
		{0680DB3B-B7AE-4F7C-97FF-28ACBBAF9084}.Release|Any CPU.Build.0 = Release|Any CPU
		{6911BB90-5DCF-4896-B4F1-D9A8513CD38F}.Debug|Any CPU.ActiveCfg = Debug|Any CPU
		{6911BB90-5DCF-4896-B4F1-D9A8513CD38F}.Debug|Any CPU.Build.0 = Debug|Any CPU
		{6911BB90-5DCF-4896-B4F1-D9A8513CD38F}.Release|Any CPU.ActiveCfg = Release|Any CPU
		{6911BB90-5DCF-4896-B4F1-D9A8513CD38F}.Release|Any CPU.Build.0 = Release|Any CPU
		{3BC651BA-3341-4A10-B748-8D6DC68173B3}.Debug|Any CPU.ActiveCfg = Debug|Any CPU
		{3BC651BA-3341-4A10-B748-8D6DC68173B3}.Debug|Any CPU.Build.0 = Debug|Any CPU
		{3BC651BA-3341-4A10-B748-8D6DC68173B3}.Release|Any CPU.ActiveCfg = Release|Any CPU
		{3BC651BA-3341-4A10-B748-8D6DC68173B3}.Release|Any CPU.Build.0 = Release|Any CPU
	EndGlobalSection
	GlobalSection(SolutionProperties) = preSolution
		HideSolutionNode = FALSE
	EndGlobalSection
EndGlobal
